
Microsoft Visual Studio Solution File, Format Version 12.00
Project("{FAE04EC0-301F-11D3-BF4B-00C04F79EFBC}") = "VehicleRouting.Api", "src\VehicleRouting.Api\VehicleRouting.Api.csproj", "{3C4B005E-FE5B-4D62-BDB1-2B5CE2408EAC}"
EndProject
Project("{2150E333-8FDC-42A3-9474-1A3956D46DE8}") = "src", "src", "{AAA8A7F3-709C-426C-B854-F94EB0D2A94B}"
EndProject
Project("{FAE04EC0-301F-11D3-BF4B-00C04F79EFBC}") = "VehicleRouting.Domain", "src\VehicleRouting.Domain\VehicleRouting.Domain.csproj", "{3A236861-5F48-436C-B883-BA8E218F822D}"
EndProject
Project("{FAE04EC0-301F-11D3-BF4B-00C04F79EFBC}") = "VehicleRouting.Application", "src\VehicleRouting.Application\VehicleRouting.Application.csproj", "{780950D3-5CF1-487B-A091-11D3F45789B5}"
EndProject
Project("{FAE04EC0-301F-11D3-BF4B-00C04F79EFBC}") = "VehicleRouting.Infrastructure", "src\VehicleRouting.Infrastructure\VehicleRouting.Infrastructure.csproj", "{853CB33E-4926-4B95-B1DE-432FD120622D}"
EndProject
Global
	GlobalSection(SolutionConfigurationPlatforms) = preSolution
		Debug|Any CPU = Debug|Any CPU
		Release|Any CPU = Release|Any CPU
	EndGlobalSection
	GlobalSection(ProjectConfigurationPlatforms) = postSolution
		{3C4B005E-FE5B-4D62-BDB1-2B5CE2408EAC}.Debug|Any CPU.ActiveCfg = Debug|Any CPU
		{3C4B005E-FE5B-4D62-BDB1-2B5CE2408EAC}.Debug|Any CPU.Build.0 = Debug|Any CPU
		{3C4B005E-FE5B-4D62-BDB1-2B5CE2408EAC}.Release|Any CPU.ActiveCfg = Release|Any CPU
		{3C4B005E-FE5B-4D62-BDB1-2B5CE2408EAC}.Release|Any CPU.Build.0 = Release|Any CPU
		{3A236861-5F48-436C-B883-BA8E218F822D}.Debug|Any CPU.ActiveCfg = Debug|Any CPU
		{3A236861-5F48-436C-B883-BA8E218F822D}.Debug|Any CPU.Build.0 = Debug|Any CPU
		{3A236861-5F48-436C-B883-BA8E218F822D}.Release|Any CPU.ActiveCfg = Release|Any CPU
		{3A236861-5F48-436C-B883-BA8E218F822D}.Release|Any CPU.Build.0 = Release|Any CPU
		{780950D3-5CF1-487B-A091-11D3F45789B5}.Debug|Any CPU.ActiveCfg = Debug|Any CPU
		{780950D3-5CF1-487B-A091-11D3F45789B5}.Debug|Any CPU.Build.0 = Debug|Any CPU
		{780950D3-5CF1-487B-A091-11D3F45789B5}.Release|Any CPU.ActiveCfg = Release|Any CPU
		{780950D3-5CF1-487B-A091-11D3F45789B5}.Release|Any CPU.Build.0 = Release|Any CPU
		{853CB33E-4926-4B95-B1DE-432FD120622D}.Debug|Any CPU.ActiveCfg = Debug|Any CPU
		{853CB33E-4926-4B95-B1DE-432FD120622D}.Debug|Any CPU.Build.0 = Debug|Any CPU
		{853CB33E-4926-4B95-B1DE-432FD120622D}.Release|Any CPU.ActiveCfg = Release|Any CPU
		{853CB33E-4926-4B95-B1DE-432FD120622D}.Release|Any CPU.Build.0 = Release|Any CPU
	EndGlobalSection
	GlobalSection(NestedProjects) = preSolution
		{3C4B005E-FE5B-4D62-BDB1-2B5CE2408EAC} = {AAA8A7F3-709C-426C-B854-F94EB0D2A94B}
		{3A236861-5F48-436C-B883-BA8E218F822D} = {AAA8A7F3-709C-426C-B854-F94EB0D2A94B}
		{780950D3-5CF1-487B-A091-11D3F45789B5} = {AAA8A7F3-709C-426C-B854-F94EB0D2A94B}
		{853CB33E-4926-4B95-B1DE-432FD120622D} = {AAA8A7F3-709C-426C-B854-F94EB0D2A94B}
	EndGlobalSection
EndGlobal
